
Microsoft Visual Studio Solution File, Format Version 12.00
# Visual Studio Version 17
VisualStudioVersion = 17.3.32825.248
MinimumVisualStudioVersion = 10.0.40219.1
Project("{FAE04EC0-301F-11D3-BF4B-00C04F79EFBC}") = "15Sep", "15Sep\15Sep.csproj", "{E6F737F9-FFA1-4518-9558-73B5E488ACD1}"
EndProject
Global
	GlobalSection(SolutionConfigurationPlatforms) = preSolution
		Debug|Any CPU = Debug|Any CPU
		Release|Any CPU = Release|Any CPU
	EndGlobalSection
	GlobalSection(ProjectConfigurationPlatforms) = postSolution
		{E6F737F9-FFA1-4518-9558-73B5E488ACD1}.Debug|Any CPU.ActiveCfg = Debug|Any CPU
		{E6F737F9-FFA1-4518-9558-73B5E488ACD1}.Debug|Any CPU.Build.0 = Debug|Any CPU
		{E6F737F9-FFA1-4518-9558-73B5E488ACD1}.Release|Any CPU.ActiveCfg = Release|Any CPU
		{E6F737F9-FFA1-4518-9558-73B5E488ACD1}.Release|Any CPU.Build.0 = Release|Any CPU
	EndGlobalSection
	GlobalSection(SolutionProperties) = preSolution
		HideSolutionNode = FALSE
	EndGlobalSection
	GlobalSection(ExtensibilityGlobals) = postSolution
		SolutionGuid = {65E3C4BE-06A5-485A-BE2B-2245ED384C92}
	EndGlobalSection
EndGlobal
